
Microsoft Visual Studio Solution File, Format Version 12.00
# Visual Studio Version 17
VisualStudioVersion = 17.1.32328.378
MinimumVisualStudioVersion = 10.0.40219.1
Project("{FAE04EC0-301F-11D3-BF4B-00C04F79EFBC}") = "YourVitebskApp.Android", "YourVitebskApp\YourVitebskApp.Android\YourVitebskApp.Android.csproj", "{A9E3EDCE-A4CE-42E9-8BD5-0F6939DAEA26}"
EndProject
Project("{9A19103F-16F7-4668-BE54-9A1E7A4F7556}") = "YourVitebskApp", "YourVitebskApp\YourVitebskApp\YourVitebskApp.csproj", "{EAC1D5DF-651B-46C3-ABF3-C56F8A346FF4}"
EndProject
Global
	GlobalSection(SolutionConfigurationPlatforms) = preSolution
		Debug|Any CPU = Debug|Any CPU
		Release|Any CPU = Release|Any CPU
	EndGlobalSection
	GlobalSection(ProjectConfigurationPlatforms) = postSolution
		{A9E3EDCE-A4CE-42E9-8BD5-0F6939DAEA26}.Debug|Any CPU.ActiveCfg = Debug|Any CPU
		{A9E3EDCE-A4CE-42E9-8BD5-0F6939DAEA26}.Debug|Any CPU.Build.0 = Debug|Any CPU
		{A9E3EDCE-A4CE-42E9-8BD5-0F6939DAEA26}.Debug|Any CPU.Deploy.0 = Debug|Any CPU
		{A9E3EDCE-A4CE-42E9-8BD5-0F6939DAEA26}.Release|Any CPU.ActiveCfg = Release|Any CPU
		{A9E3EDCE-A4CE-42E9-8BD5-0F6939DAEA26}.Release|Any CPU.Build.0 = Release|Any CPU
		{A9E3EDCE-A4CE-42E9-8BD5-0F6939DAEA26}.Release|Any CPU.Deploy.0 = Release|Any CPU
		{EAC1D5DF-651B-46C3-ABF3-C56F8A346FF4}.Debug|Any CPU.ActiveCfg = Debug|Any CPU
		{EAC1D5DF-651B-46C3-ABF3-C56F8A346FF4}.Debug|Any CPU.Build.0 = Debug|Any CPU
		{EAC1D5DF-651B-46C3-ABF3-C56F8A346FF4}.Debug|Any CPU.Deploy.0 = Debug|Any CPU
		{EAC1D5DF-651B-46C3-ABF3-C56F8A346FF4}.Release|Any CPU.ActiveCfg = Release|Any CPU
		{EAC1D5DF-651B-46C3-ABF3-C56F8A346FF4}.Release|Any CPU.Build.0 = Release|Any CPU
		{EAC1D5DF-651B-46C3-ABF3-C56F8A346FF4}.Release|Any CPU.Deploy.0 = Release|Any CPU
	EndGlobalSection
	GlobalSection(SolutionProperties) = preSolution
		HideSolutionNode = FALSE
	EndGlobalSection
	GlobalSection(ExtensibilityGlobals) = postSolution
		SolutionGuid = {5868E883-1FEB-43EA-8A9A-D8494E8C8E49}
	EndGlobalSection
EndGlobal
